
Microsoft Visual Studio Solution File, Format Version 12.00
# Visual Studio Version 16
VisualStudioVersion = 16.0.29025.244
MinimumVisualStudioVersion = 10.0.40219.1
Project("{9A19103F-16F7-4668-BE54-9A1E7A4F7556}") = "Zooterapp.Common", "Zooterapp.Common\Zooterapp.Common.csproj", "{19F56E74-8A99-4D58-A544-40C3F6843ADF}"
EndProject
Project("{9A19103F-16F7-4668-BE54-9A1E7A4F7556}") = "Zooterapp.Web", "Zooterapp.Web\Zooterapp.Web.csproj", "{DF6BDA4F-47CB-4F69-B698-175C03185294}"
EndProject
Project("{9A19103F-16F7-4668-BE54-9A1E7A4F7556}") = "Zooterap.Prism", "Zooterap.Prism\Zooterap.Prism\Zooterap.Prism.csproj", "{272054F8-66F1-4817-A79C-809F17F434A8}"
EndProject
Project("{FAE04EC0-301F-11D3-BF4B-00C04F79EFBC}") = "Zooterap.Prism.Android", "Zooterap.Prism\Zooterap.Prism.Android\Zooterap.Prism.Android.csproj", "{7131D0BE-784C-4191-8051-BFBB81234B7B}"
EndProject
Project("{FAE04EC0-301F-11D3-BF4B-00C04F79EFBC}") = "Zooterap.Prism.iOS", "Zooterap.Prism\Zooterap.Prism.iOS\Zooterap.Prism.iOS.csproj", "{1CC2251F-1A23-4E74-ACF0-66E1D40F4E22}"
EndProject
Global
	GlobalSection(SolutionConfigurationPlatforms) = preSolution
		Ad-Hoc|Any CPU = Ad-Hoc|Any CPU
		Ad-Hoc|ARM = Ad-Hoc|ARM
		Ad-Hoc|iPhone = Ad-Hoc|iPhone
		Ad-Hoc|iPhoneSimulator = Ad-Hoc|iPhoneSimulator
		Ad-Hoc|x64 = Ad-Hoc|x64
		Ad-Hoc|x86 = Ad-Hoc|x86
		AppStore|Any CPU = AppStore|Any CPU
		AppStore|ARM = AppStore|ARM
		AppStore|iPhone = AppStore|iPhone
		AppStore|iPhoneSimulator = AppStore|iPhoneSimulator
		AppStore|x64 = AppStore|x64
		AppStore|x86 = AppStore|x86
		Debug|Any CPU = Debug|Any CPU
		Debug|ARM = Debug|ARM
		Debug|iPhone = Debug|iPhone
		Debug|iPhoneSimulator = Debug|iPhoneSimulator
		Debug|x64 = Debug|x64
		Debug|x86 = Debug|x86
		Release|Any CPU = Release|Any CPU
		Release|ARM = Release|ARM
		Release|iPhone = Release|iPhone
		Release|iPhoneSimulator = Release|iPhoneSimulator
		Release|x64 = Release|x64
		Release|x86 = Release|x86
	EndGlobalSection
	GlobalSection(ProjectConfigurationPlatforms) = postSolution
		{19F56E74-8A99-4D58-A544-40C3F6843ADF}.Ad-Hoc|Any CPU.ActiveCfg = Release|Any CPU
		{19F56E74-8A99-4D58-A544-40C3F6843ADF}.Ad-Hoc|Any CPU.Build.0 = Release|Any CPU
		{19F56E74-8A99-4D58-A544-40C3F6843ADF}.Ad-Hoc|ARM.ActiveCfg = Release|Any CPU
		{19F56E74-8A99-4D58-A544-40C3F6843ADF}.Ad-Hoc|ARM.Build.0 = Release|Any CPU
		{19F56E74-8A99-4D58-A544-40C3F6843ADF}.Ad-Hoc|iPhone.ActiveCfg = Release|Any CPU
		{19F56E74-8A99-4D58-A544-40C3F6843ADF}.Ad-Hoc|iPhone.Build.0 = Release|Any CPU
		{19F56E74-8A99-4D58-A544-40C3F6843ADF}.Ad-Hoc|iPhoneSimulator.ActiveCfg = Release|Any CPU
		{19F56E74-8A99-4D58-A544-40C3F6843ADF}.Ad-Hoc|iPhoneSimulator.Build.0 = Release|Any CPU
		{19F56E74-8A99-4D58-A544-40C3F6843ADF}.Ad-Hoc|x64.ActiveCfg = Release|Any CPU
		{19F56E74-8A99-4D58-A544-40C3F6843ADF}.Ad-Hoc|x64.Build.0 = Release|Any CPU
		{19F56E74-8A99-4D58-A544-40C3F6843ADF}.Ad-Hoc|x86.ActiveCfg = Release|Any CPU
		{19F56E74-8A99-4D58-A544-40C3F6843ADF}.Ad-Hoc|x86.Build.0 = Release|Any CPU
		{19F56E74-8A99-4D58-A544-40C3F6843ADF}.AppStore|Any CPU.ActiveCfg = Release|Any CPU
		{19F56E74-8A99-4D58-A544-40C3F6843ADF}.AppStore|Any CPU.Build.0 = Release|Any CPU
		{19F56E74-8A99-4D58-A544-40C3F6843ADF}.AppStore|ARM.ActiveCfg = Release|Any CPU
		{19F56E74-8A99-4D58-A544-40C3F6843ADF}.AppStore|ARM.Build.0 = Release|Any CPU
		{19F56E74-8A99-4D58-A544-40C3F6843ADF}.AppStore|iPhone.ActiveCfg = Release|Any CPU
		{19F56E74-8A99-4D58-A544-40C3F6843ADF}.AppStore|iPhone.Build.0 = Release|Any CPU
		{19F56E74-8A99-4D58-A544-40C3F6843ADF}.AppStore|iPhoneSimulator.ActiveCfg = Release|Any CPU
		{19F56E74-8A99-4D58-A544-40C3F6843ADF}.AppStore|iPhoneSimulator.Build.0 = Release|Any CPU
		{19F56E74-8A99-4D58-A544-40C3F6843ADF}.AppStore|x64.ActiveCfg = Release|Any CPU
		{19F56E74-8A99-4D58-A544-40C3F6843ADF}.AppStore|x64.Build.0 = Release|Any CPU
		{19F56E74-8A99-4D58-A544-40C3F6843ADF}.AppStore|x86.ActiveCfg = Release|Any CPU
		{19F56E74-8A99-4D58-A544-40C3F6843ADF}.AppStore|x86.Build.0 = Release|Any CPU
		{19F56E74-8A99-4D58-A544-40C3F6843ADF}.Debug|Any CPU.ActiveCfg = Debug|Any CPU
		{19F56E74-8A99-4D58-A544-40C3F6843ADF}.Debug|Any CPU.Build.0 = Debug|Any CPU
		{19F56E74-8A99-4D58-A544-40C3F6843ADF}.Debug|ARM.ActiveCfg = Debug|Any CPU
		{19F56E74-8A99-4D58-A544-40C3F6843ADF}.Debug|ARM.Build.0 = Debug|Any CPU
		{19F56E74-8A99-4D58-A544-40C3F6843ADF}.Debug|iPhone.ActiveCfg = Debug|Any CPU
		{19F56E74-8A99-4D58-A544-40C3F6843ADF}.Debug|iPhone.Build.0 = Debug|Any CPU
		{19F56E74-8A99-4D58-A544-40C3F6843ADF}.Debug|iPhoneSimulator.ActiveCfg = Debug|Any CPU
		{19F56E74-8A99-4D58-A544-40C3F6843ADF}.Debug|iPhoneSimulator.Build.0 = Debug|Any CPU
		{19F56E74-8A99-4D58-A544-40C3F6843ADF}.Debug|x64.ActiveCfg = Debug|Any CPU
		{19F56E74-8A99-4D58-A544-40C3F6843ADF}.Debug|x64.Build.0 = Debug|Any CPU
		{19F56E74-8A99-4D58-A544-40C3F6843ADF}.Debug|x86.ActiveCfg = Debug|Any CPU
		{19F56E74-8A99-4D58-A544-40C3F6843ADF}.Debug|x86.Build.0 = Debug|Any CPU
		{19F56E74-8A99-4D58-A544-40C3F6843ADF}.Release|Any CPU.ActiveCfg = Release|Any CPU
		{19F56E74-8A99-4D58-A544-40C3F6843ADF}.Release|Any CPU.Build.0 = Release|Any CPU
		{19F56E74-8A99-4D58-A544-40C3F6843ADF}.Release|ARM.ActiveCfg = Release|Any CPU
		{19F56E74-8A99-4D58-A544-40C3F6843ADF}.Release|ARM.Build.0 = Release|Any CPU
		{19F56E74-8A99-4D58-A544-40C3F6843ADF}.Release|iPhone.ActiveCfg = Release|Any CPU
		{19F56E74-8A99-4D58-A544-40C3F6843ADF}.Release|iPhone.Build.0 = Release|Any CPU
		{19F56E74-8A99-4D58-A544-40C3F6843ADF}.Release|iPhoneSimulator.ActiveCfg = Release|Any CPU
		{19F56E74-8A99-4D58-A544-40C3F6843ADF}.Release|iPhoneSimulator.Build.0 = Release|Any CPU
		{19F56E74-8A99-4D58-A544-40C3F6843ADF}.Release|x64.ActiveCfg = Release|Any CPU
		{19F56E74-8A99-4D58-A544-40C3F6843ADF}.Release|x64.Build.0 = Release|Any CPU
		{19F56E74-8A99-4D58-A544-40C3F6843ADF}.Release|x86.ActiveCfg = Release|Any CPU
		{19F56E74-8A99-4D58-A544-40C3F6843ADF}.Release|x86.Build.0 = Release|Any CPU
		{DF6BDA4F-47CB-4F69-B698-175C03185294}.Ad-Hoc|Any CPU.ActiveCfg = Release|Any CPU
		{DF6BDA4F-47CB-4F69-B698-175C03185294}.Ad-Hoc|Any CPU.Build.0 = Release|Any CPU
		{DF6BDA4F-47CB-4F69-B698-175C03185294}.Ad-Hoc|ARM.ActiveCfg = Release|Any CPU
		{DF6BDA4F-47CB-4F69-B698-175C03185294}.Ad-Hoc|ARM.Build.0 = Release|Any CPU
		{DF6BDA4F-47CB-4F69-B698-175C03185294}.Ad-Hoc|iPhone.ActiveCfg = Release|Any CPU
		{DF6BDA4F-47CB-4F69-B698-175C03185294}.Ad-Hoc|iPhone.Build.0 = Release|Any CPU
		{DF6BDA4F-47CB-4F69-B698-175C03185294}.Ad-Hoc|iPhoneSimulator.ActiveCfg = Release|Any CPU
		{DF6BDA4F-47CB-4F69-B698-175C03185294}.Ad-Hoc|iPhoneSimulator.Build.0 = Release|Any CPU
		{DF6BDA4F-47CB-4F69-B698-175C03185294}.Ad-Hoc|x64.ActiveCfg = Release|Any CPU
		{DF6BDA4F-47CB-4F69-B698-175C03185294}.Ad-Hoc|x64.Build.0 = Release|Any CPU
		{DF6BDA4F-47CB-4F69-B698-175C03185294}.Ad-Hoc|x86.ActiveCfg = Release|Any CPU
		{DF6BDA4F-47CB-4F69-B698-175C03185294}.Ad-Hoc|x86.Build.0 = Release|Any CPU
		{DF6BDA4F-47CB-4F69-B698-175C03185294}.AppStore|Any CPU.ActiveCfg = Release|Any CPU
		{DF6BDA4F-47CB-4F69-B698-175C03185294}.AppStore|Any CPU.Build.0 = Release|Any CPU
		{DF6BDA4F-47CB-4F69-B698-175C03185294}.AppStore|ARM.ActiveCfg = Release|Any CPU
		{DF6BDA4F-47CB-4F69-B698-175C03185294}.AppStore|ARM.Build.0 = Release|Any CPU
		{DF6BDA4F-47CB-4F69-B698-175C03185294}.AppStore|iPhone.ActiveCfg = Release|Any CPU
		{DF6BDA4F-47CB-4F69-B698-175C03185294}.AppStore|iPhone.Build.0 = Release|Any CPU
		{DF6BDA4F-47CB-4F69-B698-175C03185294}.AppStore|iPhoneSimulator.ActiveCfg = Release|Any CPU
		{DF6BDA4F-47CB-4F69-B698-175C03185294}.AppStore|iPhoneSimulator.Build.0 = Release|Any CPU
		{DF6BDA4F-47CB-4F69-B698-175C03185294}.AppStore|x64.ActiveCfg = Release|Any CPU
		{DF6BDA4F-47CB-4F69-B698-175C03185294}.AppStore|x64.Build.0 = Release|Any CPU
		{DF6BDA4F-47CB-4F69-B698-175C03185294}.AppStore|x86.ActiveCfg = Release|Any CPU
		{DF6BDA4F-47CB-4F69-B698-175C03185294}.AppStore|x86.Build.0 = Release|Any CPU
		{DF6BDA4F-47CB-4F69-B698-175C03185294}.Debug|Any CPU.ActiveCfg = Debug|Any CPU
		{DF6BDA4F-47CB-4F69-B698-175C03185294}.Debug|Any CPU.Build.0 = Debug|Any CPU
		{DF6BDA4F-47CB-4F69-B698-175C03185294}.Debug|ARM.ActiveCfg = Debug|Any CPU
		{DF6BDA4F-47CB-4F69-B698-175C03185294}.Debug|ARM.Build.0 = Debug|Any CPU
		{DF6BDA4F-47CB-4F69-B698-175C03185294}.Debug|iPhone.ActiveCfg = Debug|Any CPU
		{DF6BDA4F-47CB-4F69-B698-175C03185294}.Debug|iPhone.Build.0 = Debug|Any CPU
		{DF6BDA4F-47CB-4F69-B698-175C03185294}.Debug|iPhoneSimulator.ActiveCfg = Debug|Any CPU
		{DF6BDA4F-47CB-4F69-B698-175C03185294}.Debug|iPhoneSimulator.Build.0 = Debug|Any CPU
		{DF6BDA4F-47CB-4F69-B698-175C03185294}.Debug|x64.ActiveCfg = Debug|Any CPU
		{DF6BDA4F-47CB-4F69-B698-175C03185294}.Debug|x64.Build.0 = Debug|Any CPU
		{DF6BDA4F-47CB-4F69-B698-175C03185294}.Debug|x86.ActiveCfg = Debug|Any CPU
		{DF6BDA4F-47CB-4F69-B698-175C03185294}.Debug|x86.Build.0 = Debug|Any CPU
		{DF6BDA4F-47CB-4F69-B698-175C03185294}.Release|Any CPU.ActiveCfg = Release|Any CPU
		{DF6BDA4F-47CB-4F69-B698-175C03185294}.Release|Any CPU.Build.0 = Release|Any CPU
		{DF6BDA4F-47CB-4F69-B698-175C03185294}.Release|ARM.ActiveCfg = Release|Any CPU
		{DF6BDA4F-47CB-4F69-B698-175C03185294}.Release|ARM.Build.0 = Release|Any CPU
		{DF6BDA4F-47CB-4F69-B698-175C03185294}.Release|iPhone.ActiveCfg = Release|Any CPU
		{DF6BDA4F-47CB-4F69-B698-175C03185294}.Release|iPhone.Build.0 = Release|Any CPU
		{DF6BDA4F-47CB-4F69-B698-175C03185294}.Release|iPhoneSimulator.ActiveCfg = Release|Any CPU
		{DF6BDA4F-47CB-4F69-B698-175C03185294}.Release|iPhoneSimulator.Build.0 = Release|Any CPU
		{DF6BDA4F-47CB-4F69-B698-175C03185294}.Release|x64.ActiveCfg = Release|Any CPU
		{DF6BDA4F-47CB-4F69-B698-175C03185294}.Release|x64.Build.0 = Release|Any CPU
		{DF6BDA4F-47CB-4F69-B698-175C03185294}.Release|x86.ActiveCfg = Release|Any CPU
		{DF6BDA4F-47CB-4F69-B698-175C03185294}.Release|x86.Build.0 = Release|Any CPU
		{272054F8-66F1-4817-A79C-809F17F434A8}.Ad-Hoc|Any CPU.ActiveCfg = Debug|Any CPU
		{272054F8-66F1-4817-A79C-809F17F434A8}.Ad-Hoc|Any CPU.Build.0 = Debug|Any CPU
		{272054F8-66F1-4817-A79C-809F17F434A8}.Ad-Hoc|ARM.ActiveCfg = Debug|Any CPU
		{272054F8-66F1-4817-A79C-809F17F434A8}.Ad-Hoc|ARM.Build.0 = Debug|Any CPU
		{272054F8-66F1-4817-A79C-809F17F434A8}.Ad-Hoc|iPhone.ActiveCfg = Debug|Any CPU
		{272054F8-66F1-4817-A79C-809F17F434A8}.Ad-Hoc|iPhone.Build.0 = Debug|Any CPU
		{272054F8-66F1-4817-A79C-809F17F434A8}.Ad-Hoc|iPhoneSimulator.ActiveCfg = Debug|Any CPU
		{272054F8-66F1-4817-A79C-809F17F434A8}.Ad-Hoc|iPhoneSimulator.Build.0 = Debug|Any CPU
		{272054F8-66F1-4817-A79C-809F17F434A8}.Ad-Hoc|x64.ActiveCfg = Debug|Any CPU
		{272054F8-66F1-4817-A79C-809F17F434A8}.Ad-Hoc|x64.Build.0 = Debug|Any CPU
		{272054F8-66F1-4817-A79C-809F17F434A8}.Ad-Hoc|x86.ActiveCfg = Debug|Any CPU
		{272054F8-66F1-4817-A79C-809F17F434A8}.Ad-Hoc|x86.Build.0 = Debug|Any CPU
		{272054F8-66F1-4817-A79C-809F17F434A8}.AppStore|Any CPU.ActiveCfg = Debug|Any CPU
		{272054F8-66F1-4817-A79C-809F17F434A8}.AppStore|Any CPU.Build.0 = Debug|Any CPU
		{272054F8-66F1-4817-A79C-809F17F434A8}.AppStore|ARM.ActiveCfg = Debug|Any CPU
		{272054F8-66F1-4817-A79C-809F17F434A8}.AppStore|ARM.Build.0 = Debug|Any CPU
		{272054F8-66F1-4817-A79C-809F17F434A8}.AppStore|iPhone.ActiveCfg = Debug|Any CPU
		{272054F8-66F1-4817-A79C-809F17F434A8}.AppStore|iPhone.Build.0 = Debug|Any CPU
		{272054F8-66F1-4817-A79C-809F17F434A8}.AppStore|iPhoneSimulator.ActiveCfg = Debug|Any CPU
		{272054F8-66F1-4817-A79C-809F17F434A8}.AppStore|iPhoneSimulator.Build.0 = Debug|Any CPU
		{272054F8-66F1-4817-A79C-809F17F434A8}.AppStore|x64.ActiveCfg = Debug|Any CPU
		{272054F8-66F1-4817-A79C-809F17F434A8}.AppStore|x64.Build.0 = Debug|Any CPU
		{272054F8-66F1-4817-A79C-809F17F434A8}.AppStore|x86.ActiveCfg = Debug|Any CPU
		{272054F8-66F1-4817-A79C-809F17F434A8}.AppStore|x86.Build.0 = Debug|Any CPU
		{272054F8-66F1-4817-A79C-809F17F434A8}.Debug|Any CPU.ActiveCfg = Debug|Any CPU
		{272054F8-66F1-4817-A79C-809F17F434A8}.Debug|Any CPU.Build.0 = Debug|Any CPU
		{272054F8-66F1-4817-A79C-809F17F434A8}.Debug|ARM.ActiveCfg = Debug|Any CPU
		{272054F8-66F1-4817-A79C-809F17F434A8}.Debug|ARM.Build.0 = Debug|Any CPU
		{272054F8-66F1-4817-A79C-809F17F434A8}.Debug|iPhone.ActiveCfg = Debug|Any CPU
		{272054F8-66F1-4817-A79C-809F17F434A8}.Debug|iPhone.Build.0 = Debug|Any CPU
		{272054F8-66F1-4817-A79C-809F17F434A8}.Debug|iPhoneSimulator.ActiveCfg = Debug|Any CPU
		{272054F8-66F1-4817-A79C-809F17F434A8}.Debug|iPhoneSimulator.Build.0 = Debug|Any CPU
		{272054F8-66F1-4817-A79C-809F17F434A8}.Debug|x64.ActiveCfg = Debug|Any CPU
		{272054F8-66F1-4817-A79C-809F17F434A8}.Debug|x64.Build.0 = Debug|Any CPU
		{272054F8-66F1-4817-A79C-809F17F434A8}.Debug|x86.ActiveCfg = Debug|Any CPU
		{272054F8-66F1-4817-A79C-809F17F434A8}.Debug|x86.Build.0 = Debug|Any CPU
		{272054F8-66F1-4817-A79C-809F17F434A8}.Release|Any CPU.ActiveCfg = Release|Any CPU
		{272054F8-66F1-4817-A79C-809F17F434A8}.Release|Any CPU.Build.0 = Release|Any CPU
		{272054F8-66F1-4817-A79C-809F17F434A8}.Release|ARM.ActiveCfg = Release|Any CPU
		{272054F8-66F1-4817-A79C-809F17F434A8}.Release|ARM.Build.0 = Release|Any CPU
		{272054F8-66F1-4817-A79C-809F17F434A8}.Release|iPhone.ActiveCfg = Release|Any CPU
		{272054F8-66F1-4817-A79C-809F17F434A8}.Release|iPhone.Build.0 = Release|Any CPU
		{272054F8-66F1-4817-A79C-809F17F434A8}.Release|iPhoneSimulator.ActiveCfg = Release|Any CPU
		{272054F8-66F1-4817-A79C-809F17F434A8}.Release|iPhoneSimulator.Build.0 = Release|Any CPU
		{272054F8-66F1-4817-A79C-809F17F434A8}.Release|x64.ActiveCfg = Release|Any CPU
		{272054F8-66F1-4817-A79C-809F17F434A8}.Release|x64.Build.0 = Release|Any CPU
		{272054F8-66F1-4817-A79C-809F17F434A8}.Release|x86.ActiveCfg = Release|Any CPU
		{272054F8-66F1-4817-A79C-809F17F434A8}.Release|x86.Build.0 = Release|Any CPU
		{7131D0BE-784C-4191-8051-BFBB81234B7B}.Ad-Hoc|Any CPU.ActiveCfg = Release|Any CPU
		{7131D0BE-784C-4191-8051-BFBB81234B7B}.Ad-Hoc|Any CPU.Build.0 = Release|Any CPU
		{7131D0BE-784C-4191-8051-BFBB81234B7B}.Ad-Hoc|Any CPU.Deploy.0 = Release|Any CPU
		{7131D0BE-784C-4191-8051-BFBB81234B7B}.Ad-Hoc|ARM.ActiveCfg = Release|Any CPU
		{7131D0BE-784C-4191-8051-BFBB81234B7B}.Ad-Hoc|ARM.Build.0 = Release|Any CPU
		{7131D0BE-784C-4191-8051-BFBB81234B7B}.Ad-Hoc|ARM.Deploy.0 = Release|Any CPU
		{7131D0BE-784C-4191-8051-BFBB81234B7B}.Ad-Hoc|iPhone.ActiveCfg = Release|Any CPU
		{7131D0BE-784C-4191-8051-BFBB81234B7B}.Ad-Hoc|iPhone.Build.0 = Release|Any CPU
		{7131D0BE-784C-4191-8051-BFBB81234B7B}.Ad-Hoc|iPhone.Deploy.0 = Release|Any CPU
		{7131D0BE-784C-4191-8051-BFBB81234B7B}.Ad-Hoc|iPhoneSimulator.ActiveCfg = Release|Any CPU
		{7131D0BE-784C-4191-8051-BFBB81234B7B}.Ad-Hoc|iPhoneSimulator.Build.0 = Release|Any CPU
		{7131D0BE-784C-4191-8051-BFBB81234B7B}.Ad-Hoc|iPhoneSimulator.Deploy.0 = Release|Any CPU
		{7131D0BE-784C-4191-8051-BFBB81234B7B}.Ad-Hoc|x64.ActiveCfg = Release|Any CPU
		{7131D0BE-784C-4191-8051-BFBB81234B7B}.Ad-Hoc|x64.Build.0 = Release|Any CPU
		{7131D0BE-784C-4191-8051-BFBB81234B7B}.Ad-Hoc|x64.Deploy.0 = Release|Any CPU
		{7131D0BE-784C-4191-8051-BFBB81234B7B}.Ad-Hoc|x86.ActiveCfg = Release|Any CPU
		{7131D0BE-784C-4191-8051-BFBB81234B7B}.Ad-Hoc|x86.Build.0 = Release|Any CPU
		{7131D0BE-784C-4191-8051-BFBB81234B7B}.Ad-Hoc|x86.Deploy.0 = Release|Any CPU
		{7131D0BE-784C-4191-8051-BFBB81234B7B}.AppStore|Any CPU.ActiveCfg = Release|Any CPU
		{7131D0BE-784C-4191-8051-BFBB81234B7B}.AppStore|Any CPU.Build.0 = Release|Any CPU
		{7131D0BE-784C-4191-8051-BFBB81234B7B}.AppStore|Any CPU.Deploy.0 = Release|Any CPU
		{7131D0BE-784C-4191-8051-BFBB81234B7B}.AppStore|ARM.ActiveCfg = Release|Any CPU
		{7131D0BE-784C-4191-8051-BFBB81234B7B}.AppStore|ARM.Build.0 = Release|Any CPU
		{7131D0BE-784C-4191-8051-BFBB81234B7B}.AppStore|ARM.Deploy.0 = Release|Any CPU
		{7131D0BE-784C-4191-8051-BFBB81234B7B}.AppStore|iPhone.ActiveCfg = Release|Any CPU
		{7131D0BE-784C-4191-8051-BFBB81234B7B}.AppStore|iPhone.Build.0 = Release|Any CPU
		{7131D0BE-784C-4191-8051-BFBB81234B7B}.AppStore|iPhone.Deploy.0 = Release|Any CPU
		{7131D0BE-784C-4191-8051-BFBB81234B7B}.AppStore|iPhoneSimulator.ActiveCfg = Release|Any CPU
		{7131D0BE-784C-4191-8051-BFBB81234B7B}.AppStore|iPhoneSimulator.Build.0 = Release|Any CPU
		{7131D0BE-784C-4191-8051-BFBB81234B7B}.AppStore|iPhoneSimulator.Deploy.0 = Release|Any CPU
		{7131D0BE-784C-4191-8051-BFBB81234B7B}.AppStore|x64.ActiveCfg = Release|Any CPU
		{7131D0BE-784C-4191-8051-BFBB81234B7B}.AppStore|x64.Build.0 = Release|Any CPU
		{7131D0BE-784C-4191-8051-BFBB81234B7B}.AppStore|x64.Deploy.0 = Release|Any CPU
		{7131D0BE-784C-4191-8051-BFBB81234B7B}.AppStore|x86.ActiveCfg = Release|Any CPU
		{7131D0BE-784C-4191-8051-BFBB81234B7B}.AppStore|x86.Build.0 = Release|Any CPU
		{7131D0BE-784C-4191-8051-BFBB81234B7B}.AppStore|x86.Deploy.0 = Release|Any CPU
		{7131D0BE-784C-4191-8051-BFBB81234B7B}.Debug|Any CPU.ActiveCfg = Debug|Any CPU
		{7131D0BE-784C-4191-8051-BFBB81234B7B}.Debug|Any CPU.Build.0 = Debug|Any CPU
		{7131D0BE-784C-4191-8051-BFBB81234B7B}.Debug|Any CPU.Deploy.0 = Debug|Any CPU
		{7131D0BE-784C-4191-8051-BFBB81234B7B}.Debug|ARM.ActiveCfg = Debug|Any CPU
		{7131D0BE-784C-4191-8051-BFBB81234B7B}.Debug|ARM.Build.0 = Debug|Any CPU
		{7131D0BE-784C-4191-8051-BFBB81234B7B}.Debug|ARM.Deploy.0 = Debug|Any CPU
		{7131D0BE-784C-4191-8051-BFBB81234B7B}.Debug|iPhone.ActiveCfg = Debug|Any CPU
		{7131D0BE-784C-4191-8051-BFBB81234B7B}.Debug|iPhone.Build.0 = Debug|Any CPU
		{7131D0BE-784C-4191-8051-BFBB81234B7B}.Debug|iPhone.Deploy.0 = Debug|Any CPU
		{7131D0BE-784C-4191-8051-BFBB81234B7B}.Debug|iPhoneSimulator.ActiveCfg = Debug|Any CPU
		{7131D0BE-784C-4191-8051-BFBB81234B7B}.Debug|iPhoneSimulator.Build.0 = Debug|Any CPU
		{7131D0BE-784C-4191-8051-BFBB81234B7B}.Debug|iPhoneSimulator.Deploy.0 = Debug|Any CPU
		{7131D0BE-784C-4191-8051-BFBB81234B7B}.Debug|x64.ActiveCfg = Debug|Any CPU
		{7131D0BE-784C-4191-8051-BFBB81234B7B}.Debug|x64.Build.0 = Debug|Any CPU
		{7131D0BE-784C-4191-8051-BFBB81234B7B}.Debug|x64.Deploy.0 = Debug|Any CPU
		{7131D0BE-784C-4191-8051-BFBB81234B7B}.Debug|x86.ActiveCfg = Debug|Any CPU
		{7131D0BE-784C-4191-8051-BFBB81234B7B}.Debug|x86.Build.0 = Debug|Any CPU
		{7131D0BE-784C-4191-8051-BFBB81234B7B}.Debug|x86.Deploy.0 = Debug|Any CPU
		{7131D0BE-784C-4191-8051-BFBB81234B7B}.Release|Any CPU.ActiveCfg = Release|Any CPU
		{7131D0BE-784C-4191-8051-BFBB81234B7B}.Release|Any CPU.Build.0 = Release|Any CPU
		{7131D0BE-784C-4191-8051-BFBB81234B7B}.Release|Any CPU.Deploy.0 = Release|Any CPU
		{7131D0BE-784C-4191-8051-BFBB81234B7B}.Release|ARM.ActiveCfg = Release|Any CPU
		{7131D0BE-784C-4191-8051-BFBB81234B7B}.Release|ARM.Build.0 = Release|Any CPU
		{7131D0BE-784C-4191-8051-BFBB81234B7B}.Release|ARM.Deploy.0 = Release|Any CPU
		{7131D0BE-784C-4191-8051-BFBB81234B7B}.Release|iPhone.ActiveCfg = Release|Any CPU
		{7131D0BE-784C-4191-8051-BFBB81234B7B}.Release|iPhone.Build.0 = Release|Any CPU
		{7131D0BE-784C-4191-8051-BFBB81234B7B}.Release|iPhone.Deploy.0 = Release|Any CPU
		{7131D0BE-784C-4191-8051-BFBB81234B7B}.Release|iPhoneSimulator.ActiveCfg = Release|Any CPU
		{7131D0BE-784C-4191-8051-BFBB81234B7B}.Release|iPhoneSimulator.Build.0 = Release|Any CPU
		{7131D0BE-784C-4191-8051-BFBB81234B7B}.Release|iPhoneSimulator.Deploy.0 = Release|Any CPU
		{7131D0BE-784C-4191-8051-BFBB81234B7B}.Release|x64.ActiveCfg = Release|Any CPU
		{7131D0BE-784C-4191-8051-BFBB81234B7B}.Release|x64.Build.0 = Release|Any CPU
		{7131D0BE-784C-4191-8051-BFBB81234B7B}.Release|x64.Deploy.0 = Release|Any CPU
		{7131D0BE-784C-4191-8051-BFBB81234B7B}.Release|x86.ActiveCfg = Release|Any CPU
		{7131D0BE-784C-4191-8051-BFBB81234B7B}.Release|x86.Build.0 = Release|Any CPU
		{7131D0BE-784C-4191-8051-BFBB81234B7B}.Release|x86.Deploy.0 = Release|Any CPU
		{1CC2251F-1A23-4E74-ACF0-66E1D40F4E22}.Ad-Hoc|Any CPU.ActiveCfg = Ad-Hoc|iPhone
		{1CC2251F-1A23-4E74-ACF0-66E1D40F4E22}.Ad-Hoc|ARM.ActiveCfg = Ad-Hoc|iPhone
		{1CC2251F-1A23-4E74-ACF0-66E1D40F4E22}.Ad-Hoc|iPhone.ActiveCfg = Ad-Hoc|iPhone
		{1CC2251F-1A23-4E74-ACF0-66E1D40F4E22}.Ad-Hoc|iPhone.Build.0 = Ad-Hoc|iPhone
		{1CC2251F-1A23-4E74-ACF0-66E1D40F4E22}.Ad-Hoc|iPhoneSimulator.ActiveCfg = Ad-Hoc|iPhoneSimulator
		{1CC2251F-1A23-4E74-ACF0-66E1D40F4E22}.Ad-Hoc|iPhoneSimulator.Build.0 = Ad-Hoc|iPhoneSimulator
		{1CC2251F-1A23-4E74-ACF0-66E1D40F4E22}.Ad-Hoc|x64.ActiveCfg = Ad-Hoc|iPhone
		{1CC2251F-1A23-4E74-ACF0-66E1D40F4E22}.Ad-Hoc|x86.ActiveCfg = Ad-Hoc|iPhone
		{1CC2251F-1A23-4E74-ACF0-66E1D40F4E22}.AppStore|Any CPU.ActiveCfg = AppStore|iPhone
		{1CC2251F-1A23-4E74-ACF0-66E1D40F4E22}.AppStore|ARM.ActiveCfg = AppStore|iPhone
		{1CC2251F-1A23-4E74-ACF0-66E1D40F4E22}.AppStore|iPhone.ActiveCfg = AppStore|iPhone
		{1CC2251F-1A23-4E74-ACF0-66E1D40F4E22}.AppStore|iPhone.Build.0 = AppStore|iPhone
		{1CC2251F-1A23-4E74-ACF0-66E1D40F4E22}.AppStore|iPhoneSimulator.ActiveCfg = AppStore|iPhoneSimulator
		{1CC2251F-1A23-4E74-ACF0-66E1D40F4E22}.AppStore|iPhoneSimulator.Build.0 = AppStore|iPhoneSimulator
		{1CC2251F-1A23-4E74-ACF0-66E1D40F4E22}.AppStore|x64.ActiveCfg = AppStore|iPhone
		{1CC2251F-1A23-4E74-ACF0-66E1D40F4E22}.AppStore|x86.ActiveCfg = AppStore|iPhone
		{1CC2251F-1A23-4E74-ACF0-66E1D40F4E22}.Debug|Any CPU.ActiveCfg = Debug|iPhone
		{1CC2251F-1A23-4E74-ACF0-66E1D40F4E22}.Debug|ARM.ActiveCfg = Debug|iPhone
		{1CC2251F-1A23-4E74-ACF0-66E1D40F4E22}.Debug|iPhone.ActiveCfg = Debug|iPhone
		{1CC2251F-1A23-4E74-ACF0-66E1D40F4E22}.Debug|iPhone.Build.0 = Debug|iPhone
		{1CC2251F-1A23-4E74-ACF0-66E1D40F4E22}.Debug|iPhoneSimulator.ActiveCfg = Debug|iPhoneSimulator
		{1CC2251F-1A23-4E74-ACF0-66E1D40F4E22}.Debug|iPhoneSimulator.Build.0 = Debug|iPhoneSimulator
		{1CC2251F-1A23-4E74-ACF0-66E1D40F4E22}.Debug|x64.ActiveCfg = Debug|iPhone
		{1CC2251F-1A23-4E74-ACF0-66E1D40F4E22}.Debug|x86.ActiveCfg = Debug|iPhone
		{1CC2251F-1A23-4E74-ACF0-66E1D40F4E22}.Release|Any CPU.ActiveCfg = Release|iPhone
		{1CC2251F-1A23-4E74-ACF0-66E1D40F4E22}.Release|ARM.ActiveCfg = Release|iPhone
		{1CC2251F-1A23-4E74-ACF0-66E1D40F4E22}.Release|iPhone.ActiveCfg = Release|iPhone
		{1CC2251F-1A23-4E74-ACF0-66E1D40F4E22}.Release|iPhone.Build.0 = Release|iPhone
		{1CC2251F-1A23-4E74-ACF0-66E1D40F4E22}.Release|iPhoneSimulator.ActiveCfg = Release|iPhoneSimulator
		{1CC2251F-1A23-4E74-ACF0-66E1D40F4E22}.Release|iPhoneSimulator.Build.0 = Release|iPhoneSimulator
		{1CC2251F-1A23-4E74-ACF0-66E1D40F4E22}.Release|x64.ActiveCfg = Release|iPhone
		{1CC2251F-1A23-4E74-ACF0-66E1D40F4E22}.Release|x86.ActiveCfg = Release|iPhone
	EndGlobalSection
	GlobalSection(SolutionProperties) = preSolution
		HideSolutionNode = FALSE
	EndGlobalSection
	GlobalSection(ExtensibilityGlobals) = postSolution
		SolutionGuid = {D6EE5C8A-17D2-4844-B117-5348A6089ECA}
	EndGlobalSection
EndGlobal
